
Microsoft Visual Studio Solution File, Format Version 12.00
# Visual Studio Version 17
VisualStudioVersion = 17.12.35527.113
MinimumVisualStudioVersion = 10.0.40219.1
Project("{2150E333-8FDC-42A3-9474-1A3956D46DE8}") = "Domain", "Domain", "{960EF06C-2D98-4B2C-8744-FCA63344FA31}"
EndProject
Project("{FAE04EC0-301F-11D3-BF4B-00C04F79EFBC}") = "RealEstate.Domain", "RealEstate.Domain\RealEstate.Domain.csproj", "{BF3E33EA-D6B7-4A6D-8314-ED1A543FEACA}"
EndProject
Project("{FAE04EC0-301F-11D3-BF4B-00C04F79EFBC}") = "RealEstate.Application", "RealEstate.Application\RealEstate.Application.csproj", "{7C0709EA-ABEF-493D-A501-B805FE83A565}"
EndProject
Project("{2150E333-8FDC-42A3-9474-1A3956D46DE8}") = "Application", "Application", "{401751C9-A5F5-4986-93DB-22D04E77E370}"
EndProject
Project("{2150E333-8FDC-42A3-9474-1A3956D46DE8}") = "Infra", "Infra", "{9D811015-C63A-4EE7-81FF-387002843A1B}"
EndProject
Project("{2150E333-8FDC-42A3-9474-1A3956D46DE8}") = "Data", "Data", "{63E82A6F-A051-4E01-976C-CFA0C890FB81}"
EndProject
Project("{2150E333-8FDC-42A3-9474-1A3956D46DE8}") = "IoC", "IoC", "{C89E2474-43EB-49D9-9C3C-9C580C8406FC}"
EndProject
Project("{FAE04EC0-301F-11D3-BF4B-00C04F79EFBC}") = "RealEstate.Infra.Data", "RealEstate.Infra.Data\RealEstate.Infra.Data.csproj", "{3F6D8D25-5A4E-434D-A0F8-21DD94F67489}"
EndProject
Project("{FAE04EC0-301F-11D3-BF4B-00C04F79EFBC}") = "RealEstate.Infra.Data.IoC", "RealEstate.Infra.Data.IoC\RealEstate.Infra.Data.IoC.csproj", "{1AF3C448-2B66-44AC-967C-24F695E3A7BD}"
EndProject
Project("{2150E333-8FDC-42A3-9474-1A3956D46DE8}") = "Presentation", "Presentation", "{43C85EEC-6FFE-451B-B298-6E181F76EAFF}"
EndProject
Project("{2150E333-8FDC-42A3-9474-1A3956D46DE8}") = "Service", "Service", "{87CE5EF8-AADE-4840-A458-5C5B0A1190A7}"
EndProject
Project("{FAE04EC0-301F-11D3-BF4B-00C04F79EFBC}") = "RealEstate.WebApi", "RealEstate.WebApi\RealEstate.WebApi.csproj", "{E5A726D7-06A4-4800-88E7-377864752CCD}"
EndProject
Global
	GlobalSection(SolutionConfigurationPlatforms) = preSolution
		Debug|Any CPU = Debug|Any CPU
		Release|Any CPU = Release|Any CPU
	EndGlobalSection
	GlobalSection(ProjectConfigurationPlatforms) = postSolution
		{BF3E33EA-D6B7-4A6D-8314-ED1A543FEACA}.Debug|Any CPU.ActiveCfg = Debug|Any CPU
		{BF3E33EA-D6B7-4A6D-8314-ED1A543FEACA}.Debug|Any CPU.Build.0 = Debug|Any CPU
		{BF3E33EA-D6B7-4A6D-8314-ED1A543FEACA}.Release|Any CPU.ActiveCfg = Release|Any CPU
		{BF3E33EA-D6B7-4A6D-8314-ED1A543FEACA}.Release|Any CPU.Build.0 = Release|Any CPU
		{7C0709EA-ABEF-493D-A501-B805FE83A565}.Debug|Any CPU.ActiveCfg = Debug|Any CPU
		{7C0709EA-ABEF-493D-A501-B805FE83A565}.Debug|Any CPU.Build.0 = Debug|Any CPU
		{7C0709EA-ABEF-493D-A501-B805FE83A565}.Release|Any CPU.ActiveCfg = Release|Any CPU
		{7C0709EA-ABEF-493D-A501-B805FE83A565}.Release|Any CPU.Build.0 = Release|Any CPU
		{3F6D8D25-5A4E-434D-A0F8-21DD94F67489}.Debug|Any CPU.ActiveCfg = Debug|Any CPU
		{3F6D8D25-5A4E-434D-A0F8-21DD94F67489}.Debug|Any CPU.Build.0 = Debug|Any CPU
		{3F6D8D25-5A4E-434D-A0F8-21DD94F67489}.Release|Any CPU.ActiveCfg = Release|Any CPU
		{3F6D8D25-5A4E-434D-A0F8-21DD94F67489}.Release|Any CPU.Build.0 = Release|Any CPU
		{1AF3C448-2B66-44AC-967C-24F695E3A7BD}.Debug|Any CPU.ActiveCfg = Debug|Any CPU
		{1AF3C448-2B66-44AC-967C-24F695E3A7BD}.Debug|Any CPU.Build.0 = Debug|Any CPU
		{1AF3C448-2B66-44AC-967C-24F695E3A7BD}.Release|Any CPU.ActiveCfg = Release|Any CPU
		{1AF3C448-2B66-44AC-967C-24F695E3A7BD}.Release|Any CPU.Build.0 = Release|Any CPU
		{E5A726D7-06A4-4800-88E7-377864752CCD}.Debug|Any CPU.ActiveCfg = Debug|Any CPU
		{E5A726D7-06A4-4800-88E7-377864752CCD}.Debug|Any CPU.Build.0 = Debug|Any CPU
		{E5A726D7-06A4-4800-88E7-377864752CCD}.Release|Any CPU.ActiveCfg = Release|Any CPU
		{E5A726D7-06A4-4800-88E7-377864752CCD}.Release|Any CPU.Build.0 = Release|Any CPU
	EndGlobalSection
	GlobalSection(SolutionProperties) = preSolution
		HideSolutionNode = FALSE
	EndGlobalSection
	GlobalSection(NestedProjects) = preSolution
		{BF3E33EA-D6B7-4A6D-8314-ED1A543FEACA} = {960EF06C-2D98-4B2C-8744-FCA63344FA31}
		{7C0709EA-ABEF-493D-A501-B805FE83A565} = {401751C9-A5F5-4986-93DB-22D04E77E370}
		{63E82A6F-A051-4E01-976C-CFA0C890FB81} = {9D811015-C63A-4EE7-81FF-387002843A1B}
		{C89E2474-43EB-49D9-9C3C-9C580C8406FC} = {9D811015-C63A-4EE7-81FF-387002843A1B}
		{3F6D8D25-5A4E-434D-A0F8-21DD94F67489} = {63E82A6F-A051-4E01-976C-CFA0C890FB81}
		{1AF3C448-2B66-44AC-967C-24F695E3A7BD} = {C89E2474-43EB-49D9-9C3C-9C580C8406FC}
		{E5A726D7-06A4-4800-88E7-377864752CCD} = {87CE5EF8-AADE-4840-A458-5C5B0A1190A7}
	EndGlobalSection
EndGlobal
