
Microsoft Visual Studio Solution File, Format Version 12.00
# Visual Studio Version 17
VisualStudioVersion = 17.12.35527.113
MinimumVisualStudioVersion = 10.0.40219.1
Project("{2150E333-8FDC-42A3-9474-1A3956D46DE8}") = "Domain", "Domain", "{960EF06C-2D98-4B2C-8744-FCA63344FA31}"
EndProject
Project("{FAE04EC0-301F-11D3-BF4B-00C04F79EFBC}") = "RealEstate.Domain", "RealEstate.Domain\RealEstate.Domain.csproj", "{BF3E33EA-D6B7-4A6D-8314-ED1A543FEACA}"
EndProject
Project("{FAE04EC0-301F-11D3-BF4B-00C04F79EFBC}") = "RealEstate.Application", "RealEstate.Application\RealEstate.Application.csproj", "{7C0709EA-ABEF-493D-A501-B805FE83A565}"
EndProject
Project("{2150E333-8FDC-42A3-9474-1A3956D46DE8}") = "Application", "Application", "{401751C9-A5F5-4986-93DB-22D04E77E370}"
EndProject
Project("{2150E333-8FDC-42A3-9474-1A3956D46DE8}") = "Infra", "Infra", "{9D811015-C63A-4EE7-81FF-387002843A1B}"
EndProject
Project("{2150E333-8FDC-42A3-9474-1A3956D46DE8}") = "Data", "Data", "{63E82A6F-A051-4E01-976C-CFA0C890FB81}"
EndProject
Project("{2150E333-8FDC-42A3-9474-1A3956D46DE8}") = "IoC", "IoC", "{C89E2474-43EB-49D9-9C3C-9C580C8406FC}"
EndProject
Project("{2150E333-8FDC-42A3-9474-1A3956D46DE8}") = "Presentation", "Presentation", "{43C85EEC-6FFE-451B-B298-6E181F76EAFF}"
EndProject
Project("{2150E333-8FDC-42A3-9474-1A3956D46DE8}") = "Service", "Service", "{87CE5EF8-AADE-4840-A458-5C5B0A1190A7}"
EndProject
Project("{FAE04EC0-301F-11D3-BF4B-00C04F79EFBC}") = "RealEstate.Api", "RealEstate.Api\RealEstate.Api.csproj", "{8FACAAF5-2C99-40E0-B727-F9762168B5A8}"
EndProject
Project("{FAE04EC0-301F-11D3-BF4B-00C04F79EFBC}") = "RealEstate.Infrastruture.Data", "RealEstate.Infrastruture.Data\RealEstate.Infrastruture.Data.csproj", "{27E83708-AEFC-47E0-B92E-F47190F37C4F}"
EndProject
Project("{2150E333-8FDC-42A3-9474-1A3956D46DE8}") = "Solution items", "Solution items", "{FFF9B622-FEAE-4693-8699-EC67C0553B8D}"
	ProjectSection(SolutionItems) = preProject
		E:\RealStateProject\Miigration.txt = E:\RealStateProject\Miigration.txt
	EndProjectSection
EndProject
Project("{FAE04EC0-301F-11D3-BF4B-00C04F79EFBC}") = "RealEstate.Infrastruture.IoC", "RealEstate.Infrastruture.IoC\RealEstate.Infrastruture.IoC.csproj", "{766B1CC8-C456-4BEA-8B94-E6BE50C663AC}"
EndProject
Project("{FAE04EC0-301F-11D3-BF4B-00C04F79EFBC}") = "Miigration", "Miigration\Miigration.csproj", "{C1ABB3BA-01D8-40EC-9EE4-2EEA8D345C51}"
EndProject
Global
	GlobalSection(SolutionConfigurationPlatforms) = preSolution
		Debug|Any CPU = Debug|Any CPU
		Release|Any CPU = Release|Any CPU
	EndGlobalSection
	GlobalSection(ProjectConfigurationPlatforms) = postSolution
		{BF3E33EA-D6B7-4A6D-8314-ED1A543FEACA}.Debug|Any CPU.ActiveCfg = Debug|Any CPU
		{BF3E33EA-D6B7-4A6D-8314-ED1A543FEACA}.Debug|Any CPU.Build.0 = Debug|Any CPU
		{BF3E33EA-D6B7-4A6D-8314-ED1A543FEACA}.Release|Any CPU.ActiveCfg = Release|Any CPU
		{BF3E33EA-D6B7-4A6D-8314-ED1A543FEACA}.Release|Any CPU.Build.0 = Release|Any CPU
		{7C0709EA-ABEF-493D-A501-B805FE83A565}.Debug|Any CPU.ActiveCfg = Debug|Any CPU
		{7C0709EA-ABEF-493D-A501-B805FE83A565}.Debug|Any CPU.Build.0 = Debug|Any CPU
		{7C0709EA-ABEF-493D-A501-B805FE83A565}.Release|Any CPU.ActiveCfg = Release|Any CPU
		{7C0709EA-ABEF-493D-A501-B805FE83A565}.Release|Any CPU.Build.0 = Release|Any CPU
		{8FACAAF5-2C99-40E0-B727-F9762168B5A8}.Debug|Any CPU.ActiveCfg = Debug|Any CPU
		{8FACAAF5-2C99-40E0-B727-F9762168B5A8}.Debug|Any CPU.Build.0 = Debug|Any CPU
		{8FACAAF5-2C99-40E0-B727-F9762168B5A8}.Release|Any CPU.ActiveCfg = Release|Any CPU
		{8FACAAF5-2C99-40E0-B727-F9762168B5A8}.Release|Any CPU.Build.0 = Release|Any CPU
		{27E83708-AEFC-47E0-B92E-F47190F37C4F}.Debug|Any CPU.ActiveCfg = Debug|Any CPU
		{27E83708-AEFC-47E0-B92E-F47190F37C4F}.Debug|Any CPU.Build.0 = Debug|Any CPU
		{27E83708-AEFC-47E0-B92E-F47190F37C4F}.Release|Any CPU.ActiveCfg = Release|Any CPU
		{27E83708-AEFC-47E0-B92E-F47190F37C4F}.Release|Any CPU.Build.0 = Release|Any CPU
		{766B1CC8-C456-4BEA-8B94-E6BE50C663AC}.Debug|Any CPU.ActiveCfg = Debug|Any CPU
		{766B1CC8-C456-4BEA-8B94-E6BE50C663AC}.Debug|Any CPU.Build.0 = Debug|Any CPU
		{766B1CC8-C456-4BEA-8B94-E6BE50C663AC}.Release|Any CPU.ActiveCfg = Release|Any CPU
		{766B1CC8-C456-4BEA-8B94-E6BE50C663AC}.Release|Any CPU.Build.0 = Release|Any CPU
		{C1ABB3BA-01D8-40EC-9EE4-2EEA8D345C51}.Debug|Any CPU.ActiveCfg = Debug|Any CPU
		{C1ABB3BA-01D8-40EC-9EE4-2EEA8D345C51}.Debug|Any CPU.Build.0 = Debug|Any CPU
		{C1ABB3BA-01D8-40EC-9EE4-2EEA8D345C51}.Release|Any CPU.ActiveCfg = Release|Any CPU
		{C1ABB3BA-01D8-40EC-9EE4-2EEA8D345C51}.Release|Any CPU.Build.0 = Release|Any CPU
	EndGlobalSection
	GlobalSection(SolutionProperties) = preSolution
		HideSolutionNode = FALSE
	EndGlobalSection
	GlobalSection(NestedProjects) = preSolution
		{BF3E33EA-D6B7-4A6D-8314-ED1A543FEACA} = {960EF06C-2D98-4B2C-8744-FCA63344FA31}
		{7C0709EA-ABEF-493D-A501-B805FE83A565} = {401751C9-A5F5-4986-93DB-22D04E77E370}
		{63E82A6F-A051-4E01-976C-CFA0C890FB81} = {9D811015-C63A-4EE7-81FF-387002843A1B}
		{C89E2474-43EB-49D9-9C3C-9C580C8406FC} = {9D811015-C63A-4EE7-81FF-387002843A1B}
		{8FACAAF5-2C99-40E0-B727-F9762168B5A8} = {87CE5EF8-AADE-4840-A458-5C5B0A1190A7}
		{27E83708-AEFC-47E0-B92E-F47190F37C4F} = {63E82A6F-A051-4E01-976C-CFA0C890FB81}
		{766B1CC8-C456-4BEA-8B94-E6BE50C663AC} = {C89E2474-43EB-49D9-9C3C-9C580C8406FC}
		{C1ABB3BA-01D8-40EC-9EE4-2EEA8D345C51} = {FFF9B622-FEAE-4693-8699-EC67C0553B8D}
	EndGlobalSection
EndGlobal
