
Microsoft Visual Studio Solution File, Format Version 12.00
# Visual Studio Version 17
VisualStudioVersion = 17.12.35527.113 d17.12
MinimumVisualStudioVersion = 10.0.40219.1
Project("{FAE04EC0-301F-11D3-BF4B-00C04F79EFBC}") = "RealEstate.Domain", "RealEstate\RealEstate.Domain.csproj", "{3111AC6B-27D1-477C-AED7-896DB7801BCF}"
EndProject
Project("{2150E333-8FDC-42A3-9474-1A3956D46DE8}") = "Domain", "Domain", "{960EF06C-2D98-4B2C-8744-FCA63344FA31}"
EndProject
Global
	GlobalSection(SolutionConfigurationPlatforms) = preSolution
		Debug|Any CPU = Debug|Any CPU
		Release|Any CPU = Release|Any CPU
	EndGlobalSection
	GlobalSection(ProjectConfigurationPlatforms) = postSolution
		{3111AC6B-27D1-477C-AED7-896DB7801BCF}.Debug|Any CPU.ActiveCfg = Debug|Any CPU
		{3111AC6B-27D1-477C-AED7-896DB7801BCF}.Debug|Any CPU.Build.0 = Debug|Any CPU
		{3111AC6B-27D1-477C-AED7-896DB7801BCF}.Release|Any CPU.ActiveCfg = Release|Any CPU
		{3111AC6B-27D1-477C-AED7-896DB7801BCF}.Release|Any CPU.Build.0 = Release|Any CPU
	EndGlobalSection
	GlobalSection(SolutionProperties) = preSolution
		HideSolutionNode = FALSE
	EndGlobalSection
	GlobalSection(NestedProjects) = preSolution
		{3111AC6B-27D1-477C-AED7-896DB7801BCF} = {960EF06C-2D98-4B2C-8744-FCA63344FA31}
	EndGlobalSection
EndGlobal
